dependencies:
  idf:
    component_hash: null
    source:
      type: idf
    version: 4.4.2
  lvgl/lvgl:
    component_hash: 948bff879a345149b83065535bbc4a026ce9f47498a22881e432a264b9098015
    source:
      service_url: https://api.components.espressif.com/
      type: service
    version: 8.3.11
manifest_hash: 9cd4f824d12c9f104ad135cf39fbc159a706a729d55cb493299fa7752a516f9c
target: esp32
version: 1.0.0
