dependencies:
  idf:
    component_hash: null
    source:
      type: idf
    version: 4.4.2
  lvgl__lvgl:
    component_hash: null
    source:
      path: D:\Project\bluego\BlueGo\components\lvgl__lvgl
      type: local
    version: 8.3.11
manifest_hash: 96629521991d2cdedda93900b98cc508700546cfe34d02215d522f2f2cd62a9d
target: esp32
version: 1.0.0
